
Microsoft Visual Studio Solution File, Format Version 12.00
# Visual Studio Version 17
VisualStudioVersion = 17.12.35527.113
MinimumVisualStudioVersion = 10.0.40219.1
Project("{9A19103F-16F7-4668-BE54-9A1E7A4F7556}") = "Localizr", "Localizr\Localizr.csproj", "{5BB3A91E-B432-46B9-B157-A6FE4D323950}"
EndProject
Project("{2150E333-8FDC-42A3-9474-1A3956D46DE8}") = "Samples", "Samples", "{764BFCF5-7FC5-403D-8406-49644F89265F}"
EndProject
Project("{9A19103F-16F7-4668-BE54-9A1E7A4F7556}") = "Localizr.Sample.Resources", "Samples\Localizr.Sample.Resources\Localizr.Sample.Resources.csproj", "{D16A6F01-CE36-4A9D-AC63-90A288350F28}"
EndProject
Project("{9A19103F-16F7-4668-BE54-9A1E7A4F7556}") = "Localizr.Sample.Console", "Samples\Localizr.Sample.Console\Localizr.Sample.Console.csproj", "{F4EE3C9B-3205-4C86-9DE3-AA7A51593473}"
EndProject
Project("{9A19103F-16F7-4668-BE54-9A1E7A4F7556}") = "Localizr.Extensions.Microsoft.DependencyInjection", "Localizr.Extensions.Microsoft.DependencyInjection\Localizr.Extensions.Microsoft.DependencyInjection.csproj", "{D0A48FCB-F506-4AB7-B377-05490E23EFAC}"
EndProject
Project("{2150E333-8FDC-42A3-9474-1A3956D46DE8}") = "Mobile", "Mobile", "{FF6C6C3D-70CC-4B55-97A3-51692A34D2F4}"
EndProject
Project("{FAE04EC0-301F-11D3-BF4B-00C04F79EFBC}") = "Localizr.Sample.Mobile", "Samples\Localizr.Sample.Mobile\Localizr.Sample.Mobile.csproj", "{56340746-8A1E-4467-83DE-0DC4C25F21F1}"
EndProject
Global
	GlobalSection(SolutionConfigurationPlatforms) = preSolution
		Ad-Hoc|Any CPU = Ad-Hoc|Any CPU
		Ad-Hoc|iPhone = Ad-Hoc|iPhone
		Ad-Hoc|iPhoneSimulator = Ad-Hoc|iPhoneSimulator
		AppStore|Any CPU = AppStore|Any CPU
		AppStore|iPhone = AppStore|iPhone
		AppStore|iPhoneSimulator = AppStore|iPhoneSimulator
		Debug|Any CPU = Debug|Any CPU
		Debug|iPhone = Debug|iPhone
		Debug|iPhoneSimulator = Debug|iPhoneSimulator
		Release|Any CPU = Release|Any CPU
		Release|iPhone = Release|iPhone
		Release|iPhoneSimulator = Release|iPhoneSimulator
	EndGlobalSection
	GlobalSection(ProjectConfigurationPlatforms) = postSolution
		{5BB3A91E-B432-46B9-B157-A6FE4D323950}.Ad-Hoc|Any CPU.ActiveCfg = Release|Any CPU
		{5BB3A91E-B432-46B9-B157-A6FE4D323950}.Ad-Hoc|Any CPU.Build.0 = Release|Any CPU
		{5BB3A91E-B432-46B9-B157-A6FE4D323950}.Ad-Hoc|iPhone.ActiveCfg = Release|Any CPU
		{5BB3A91E-B432-46B9-B157-A6FE4D323950}.Ad-Hoc|iPhone.Build.0 = Release|Any CPU
		{5BB3A91E-B432-46B9-B157-A6FE4D323950}.Ad-Hoc|iPhoneSimulator.ActiveCfg = Release|Any CPU
		{5BB3A91E-B432-46B9-B157-A6FE4D323950}.Ad-Hoc|iPhoneSimulator.Build.0 = Release|Any CPU
		{5BB3A91E-B432-46B9-B157-A6FE4D323950}.AppStore|Any CPU.ActiveCfg = Release|Any CPU
		{5BB3A91E-B432-46B9-B157-A6FE4D323950}.AppStore|Any CPU.Build.0 = Release|Any CPU
		{5BB3A91E-B432-46B9-B157-A6FE4D323950}.AppStore|iPhone.ActiveCfg = Release|Any CPU
		{5BB3A91E-B432-46B9-B157-A6FE4D323950}.AppStore|iPhone.Build.0 = Release|Any CPU
		{5BB3A91E-B432-46B9-B157-A6FE4D323950}.AppStore|iPhoneSimulator.ActiveCfg = Release|Any CPU
		{5BB3A91E-B432-46B9-B157-A6FE4D323950}.AppStore|iPhoneSimulator.Build.0 = Release|Any CPU
		{5BB3A91E-B432-46B9-B157-A6FE4D323950}.Debug|Any CPU.ActiveCfg = Debug|Any CPU
		{5BB3A91E-B432-46B9-B157-A6FE4D323950}.Debug|Any CPU.Build.0 = Debug|Any CPU
		{5BB3A91E-B432-46B9-B157-A6FE4D323950}.Debug|iPhone.ActiveCfg = Debug|Any CPU
		{5BB3A91E-B432-46B9-B157-A6FE4D323950}.Debug|iPhone.Build.0 = Debug|Any CPU
		{5BB3A91E-B432-46B9-B157-A6FE4D323950}.Debug|iPhoneSimulator.ActiveCfg = Debug|Any CPU
		{5BB3A91E-B432-46B9-B157-A6FE4D323950}.Debug|iPhoneSimulator.Build.0 = Debug|Any CPU
		{5BB3A91E-B432-46B9-B157-A6FE4D323950}.Release|Any CPU.ActiveCfg = Release|Any CPU
		{5BB3A91E-B432-46B9-B157-A6FE4D323950}.Release|Any CPU.Build.0 = Release|Any CPU
		{5BB3A91E-B432-46B9-B157-A6FE4D323950}.Release|iPhone.ActiveCfg = Release|Any CPU
		{5BB3A91E-B432-46B9-B157-A6FE4D323950}.Release|iPhone.Build.0 = Release|Any CPU
		{5BB3A91E-B432-46B9-B157-A6FE4D323950}.Release|iPhoneSimulator.ActiveCfg = Release|Any CPU
		{5BB3A91E-B432-46B9-B157-A6FE4D323950}.Release|iPhoneSimulator.Build.0 = Release|Any CPU
		{D16A6F01-CE36-4A9D-AC63-90A288350F28}.Ad-Hoc|Any CPU.ActiveCfg = Release|Any CPU
		{D16A6F01-CE36-4A9D-AC63-90A288350F28}.Ad-Hoc|Any CPU.Build.0 = Release|Any CPU
		{D16A6F01-CE36-4A9D-AC63-90A288350F28}.Ad-Hoc|iPhone.ActiveCfg = Release|Any CPU
		{D16A6F01-CE36-4A9D-AC63-90A288350F28}.Ad-Hoc|iPhone.Build.0 = Release|Any CPU
		{D16A6F01-CE36-4A9D-AC63-90A288350F28}.Ad-Hoc|iPhoneSimulator.ActiveCfg = Release|Any CPU
		{D16A6F01-CE36-4A9D-AC63-90A288350F28}.Ad-Hoc|iPhoneSimulator.Build.0 = Release|Any CPU
		{D16A6F01-CE36-4A9D-AC63-90A288350F28}.AppStore|Any CPU.ActiveCfg = Release|Any CPU
		{D16A6F01-CE36-4A9D-AC63-90A288350F28}.AppStore|Any CPU.Build.0 = Release|Any CPU
		{D16A6F01-CE36-4A9D-AC63-90A288350F28}.AppStore|iPhone.ActiveCfg = Release|Any CPU
		{D16A6F01-CE36-4A9D-AC63-90A288350F28}.AppStore|iPhone.Build.0 = Release|Any CPU
		{D16A6F01-CE36-4A9D-AC63-90A288350F28}.AppStore|iPhoneSimulator.ActiveCfg = Release|Any CPU
		{D16A6F01-CE36-4A9D-AC63-90A288350F28}.AppStore|iPhoneSimulator.Build.0 = Release|Any CPU
		{D16A6F01-CE36-4A9D-AC63-90A288350F28}.Debug|Any CPU.ActiveCfg = Debug|Any CPU
		{D16A6F01-CE36-4A9D-AC63-90A288350F28}.Debug|Any CPU.Build.0 = Debug|Any CPU
		{D16A6F01-CE36-4A9D-AC63-90A288350F28}.Debug|iPhone.ActiveCfg = Debug|Any CPU
		{D16A6F01-CE36-4A9D-AC63-90A288350F28}.Debug|iPhone.Build.0 = Debug|Any CPU
		{D16A6F01-CE36-4A9D-AC63-90A288350F28}.Debug|iPhoneSimulator.ActiveCfg = Debug|Any CPU
		{D16A6F01-CE36-4A9D-AC63-90A288350F28}.Debug|iPhoneSimulator.Build.0 = Debug|Any CPU
		{D16A6F01-CE36-4A9D-AC63-90A288350F28}.Release|Any CPU.ActiveCfg = Release|Any CPU
		{D16A6F01-CE36-4A9D-AC63-90A288350F28}.Release|Any CPU.Build.0 = Release|Any CPU
		{D16A6F01-CE36-4A9D-AC63-90A288350F28}.Release|iPhone.ActiveCfg = Release|Any CPU
		{D16A6F01-CE36-4A9D-AC63-90A288350F28}.Release|iPhone.Build.0 = Release|Any CPU
		{D16A6F01-CE36-4A9D-AC63-90A288350F28}.Release|iPhoneSimulator.ActiveCfg = Release|Any CPU
		{D16A6F01-CE36-4A9D-AC63-90A288350F28}.Release|iPhoneSimulator.Build.0 = Release|Any CPU
		{F4EE3C9B-3205-4C86-9DE3-AA7A51593473}.Ad-Hoc|Any CPU.ActiveCfg = Release|Any CPU
		{F4EE3C9B-3205-4C86-9DE3-AA7A51593473}.Ad-Hoc|Any CPU.Build.0 = Release|Any CPU
		{F4EE3C9B-3205-4C86-9DE3-AA7A51593473}.Ad-Hoc|iPhone.ActiveCfg = Release|Any CPU
		{F4EE3C9B-3205-4C86-9DE3-AA7A51593473}.Ad-Hoc|iPhone.Build.0 = Release|Any CPU
		{F4EE3C9B-3205-4C86-9DE3-AA7A51593473}.Ad-Hoc|iPhoneSimulator.ActiveCfg = Release|Any CPU
		{F4EE3C9B-3205-4C86-9DE3-AA7A51593473}.Ad-Hoc|iPhoneSimulator.Build.0 = Release|Any CPU
		{F4EE3C9B-3205-4C86-9DE3-AA7A51593473}.AppStore|Any CPU.ActiveCfg = Release|Any CPU
		{F4EE3C9B-3205-4C86-9DE3-AA7A51593473}.AppStore|Any CPU.Build.0 = Release|Any CPU
		{F4EE3C9B-3205-4C86-9DE3-AA7A51593473}.AppStore|iPhone.ActiveCfg = Release|Any CPU
		{F4EE3C9B-3205-4C86-9DE3-AA7A51593473}.AppStore|iPhone.Build.0 = Release|Any CPU
		{F4EE3C9B-3205-4C86-9DE3-AA7A51593473}.AppStore|iPhoneSimulator.ActiveCfg = Release|Any CPU
		{F4EE3C9B-3205-4C86-9DE3-AA7A51593473}.AppStore|iPhoneSimulator.Build.0 = Release|Any CPU
		{F4EE3C9B-3205-4C86-9DE3-AA7A51593473}.Debug|Any CPU.ActiveCfg = Debug|Any CPU
		{F4EE3C9B-3205-4C86-9DE3-AA7A51593473}.Debug|Any CPU.Build.0 = Debug|Any CPU
		{F4EE3C9B-3205-4C86-9DE3-AA7A51593473}.Debug|iPhone.ActiveCfg = Debug|Any CPU
		{F4EE3C9B-3205-4C86-9DE3-AA7A51593473}.Debug|iPhone.Build.0 = Debug|Any CPU
		{F4EE3C9B-3205-4C86-9DE3-AA7A51593473}.Debug|iPhoneSimulator.ActiveCfg = Debug|Any CPU
		{F4EE3C9B-3205-4C86-9DE3-AA7A51593473}.Debug|iPhoneSimulator.Build.0 = Debug|Any CPU
		{F4EE3C9B-3205-4C86-9DE3-AA7A51593473}.Release|Any CPU.ActiveCfg = Release|Any CPU
		{F4EE3C9B-3205-4C86-9DE3-AA7A51593473}.Release|Any CPU.Build.0 = Release|Any CPU
		{F4EE3C9B-3205-4C86-9DE3-AA7A51593473}.Release|iPhone.ActiveCfg = Release|Any CPU
		{F4EE3C9B-3205-4C86-9DE3-AA7A51593473}.Release|iPhone.Build.0 = Release|Any CPU
		{F4EE3C9B-3205-4C86-9DE3-AA7A51593473}.Release|iPhoneSimulator.ActiveCfg = Release|Any CPU
		{F4EE3C9B-3205-4C86-9DE3-AA7A51593473}.Release|iPhoneSimulator.Build.0 = Release|Any CPU
		{D0A48FCB-F506-4AB7-B377-05490E23EFAC}.Ad-Hoc|Any CPU.ActiveCfg = Release|Any CPU
		{D0A48FCB-F506-4AB7-B377-05490E23EFAC}.Ad-Hoc|Any CPU.Build.0 = Release|Any CPU
		{D0A48FCB-F506-4AB7-B377-05490E23EFAC}.Ad-Hoc|iPhone.ActiveCfg = Release|Any CPU
		{D0A48FCB-F506-4AB7-B377-05490E23EFAC}.Ad-Hoc|iPhone.Build.0 = Release|Any CPU
		{D0A48FCB-F506-4AB7-B377-05490E23EFAC}.Ad-Hoc|iPhoneSimulator.ActiveCfg = Release|Any CPU
		{D0A48FCB-F506-4AB7-B377-05490E23EFAC}.Ad-Hoc|iPhoneSimulator.Build.0 = Release|Any CPU
		{D0A48FCB-F506-4AB7-B377-05490E23EFAC}.AppStore|Any CPU.ActiveCfg = Release|Any CPU
		{D0A48FCB-F506-4AB7-B377-05490E23EFAC}.AppStore|Any CPU.Build.0 = Release|Any CPU
		{D0A48FCB-F506-4AB7-B377-05490E23EFAC}.AppStore|iPhone.ActiveCfg = Release|Any CPU
		{D0A48FCB-F506-4AB7-B377-05490E23EFAC}.AppStore|iPhone.Build.0 = Release|Any CPU
		{D0A48FCB-F506-4AB7-B377-05490E23EFAC}.AppStore|iPhoneSimulator.ActiveCfg = Release|Any CPU
		{D0A48FCB-F506-4AB7-B377-05490E23EFAC}.AppStore|iPhoneSimulator.Build.0 = Release|Any CPU
		{D0A48FCB-F506-4AB7-B377-05490E23EFAC}.Debug|Any CPU.ActiveCfg = Debug|Any CPU
		{D0A48FCB-F506-4AB7-B377-05490E23EFAC}.Debug|Any CPU.Build.0 = Debug|Any CPU
		{D0A48FCB-F506-4AB7-B377-05490E23EFAC}.Debug|iPhone.ActiveCfg = Debug|Any CPU
		{D0A48FCB-F506-4AB7-B377-05490E23EFAC}.Debug|iPhone.Build.0 = Debug|Any CPU
		{D0A48FCB-F506-4AB7-B377-05490E23EFAC}.Debug|iPhoneSimulator.ActiveCfg = Debug|Any CPU
		{D0A48FCB-F506-4AB7-B377-05490E23EFAC}.Debug|iPhoneSimulator.Build.0 = Debug|Any CPU
		{D0A48FCB-F506-4AB7-B377-05490E23EFAC}.Release|Any CPU.ActiveCfg = Release|Any CPU
		{D0A48FCB-F506-4AB7-B377-05490E23EFAC}.Release|Any CPU.Build.0 = Release|Any CPU
		{D0A48FCB-F506-4AB7-B377-05490E23EFAC}.Release|iPhone.ActiveCfg = Release|Any CPU
		{D0A48FCB-F506-4AB7-B377-05490E23EFAC}.Release|iPhone.Build.0 = Release|Any CPU
		{D0A48FCB-F506-4AB7-B377-05490E23EFAC}.Release|iPhoneSimulator.ActiveCfg = Release|Any CPU
		{D0A48FCB-F506-4AB7-B377-05490E23EFAC}.Release|iPhoneSimulator.Build.0 = Release|Any CPU
		{56340746-8A1E-4467-83DE-0DC4C25F21F1}.Ad-Hoc|Any CPU.ActiveCfg = Debug|Any CPU
		{56340746-8A1E-4467-83DE-0DC4C25F21F1}.Ad-Hoc|Any CPU.Build.0 = Debug|Any CPU
		{56340746-8A1E-4467-83DE-0DC4C25F21F1}.Ad-Hoc|iPhone.ActiveCfg = Debug|Any CPU
		{56340746-8A1E-4467-83DE-0DC4C25F21F1}.Ad-Hoc|iPhone.Build.0 = Debug|Any CPU
		{56340746-8A1E-4467-83DE-0DC4C25F21F1}.Ad-Hoc|iPhoneSimulator.ActiveCfg = Debug|Any CPU
		{56340746-8A1E-4467-83DE-0DC4C25F21F1}.Ad-Hoc|iPhoneSimulator.Build.0 = Debug|Any CPU
		{56340746-8A1E-4467-83DE-0DC4C25F21F1}.AppStore|Any CPU.ActiveCfg = Debug|Any CPU
		{56340746-8A1E-4467-83DE-0DC4C25F21F1}.AppStore|Any CPU.Build.0 = Debug|Any CPU
		{56340746-8A1E-4467-83DE-0DC4C25F21F1}.AppStore|iPhone.ActiveCfg = Debug|Any CPU
		{56340746-8A1E-4467-83DE-0DC4C25F21F1}.AppStore|iPhone.Build.0 = Debug|Any CPU
		{56340746-8A1E-4467-83DE-0DC4C25F21F1}.AppStore|iPhoneSimulator.ActiveCfg = Debug|Any CPU
		{56340746-8A1E-4467-83DE-0DC4C25F21F1}.AppStore|iPhoneSimulator.Build.0 = Debug|Any CPU
		{56340746-8A1E-4467-83DE-0DC4C25F21F1}.Debug|Any CPU.ActiveCfg = Debug|Any CPU
		{56340746-8A1E-4467-83DE-0DC4C25F21F1}.Debug|Any CPU.Build.0 = Debug|Any CPU
		{56340746-8A1E-4467-83DE-0DC4C25F21F1}.Debug|Any CPU.Deploy.0 = Debug|Any CPU
		{56340746-8A1E-4467-83DE-0DC4C25F21F1}.Debug|iPhone.ActiveCfg = Debug|Any CPU
		{56340746-8A1E-4467-83DE-0DC4C25F21F1}.Debug|iPhone.Build.0 = Debug|Any CPU
		{56340746-8A1E-4467-83DE-0DC4C25F21F1}.Debug|iPhoneSimulator.ActiveCfg = Debug|Any CPU
		{56340746-8A1E-4467-83DE-0DC4C25F21F1}.Debug|iPhoneSimulator.Build.0 = Debug|Any CPU
		{56340746-8A1E-4467-83DE-0DC4C25F21F1}.Release|Any CPU.ActiveCfg = Release|Any CPU
		{56340746-8A1E-4467-83DE-0DC4C25F21F1}.Release|Any CPU.Build.0 = Release|Any CPU
		{56340746-8A1E-4467-83DE-0DC4C25F21F1}.Release|iPhone.ActiveCfg = Release|Any CPU
		{56340746-8A1E-4467-83DE-0DC4C25F21F1}.Release|iPhone.Build.0 = Release|Any CPU
		{56340746-8A1E-4467-83DE-0DC4C25F21F1}.Release|iPhoneSimulator.ActiveCfg = Release|Any CPU
		{56340746-8A1E-4467-83DE-0DC4C25F21F1}.Release|iPhoneSimulator.Build.0 = Release|Any CPU
	EndGlobalSection
	GlobalSection(SolutionProperties) = preSolution
		HideSolutionNode = FALSE
	EndGlobalSection
	GlobalSection(NestedProjects) = preSolution
		{D16A6F01-CE36-4A9D-AC63-90A288350F28} = {764BFCF5-7FC5-403D-8406-49644F89265F}
		{F4EE3C9B-3205-4C86-9DE3-AA7A51593473} = {764BFCF5-7FC5-403D-8406-49644F89265F}
		{FF6C6C3D-70CC-4B55-97A3-51692A34D2F4} = {764BFCF5-7FC5-403D-8406-49644F89265F}
		{56340746-8A1E-4467-83DE-0DC4C25F21F1} = {FF6C6C3D-70CC-4B55-97A3-51692A34D2F4}
	EndGlobalSection
	GlobalSection(ExtensibilityGlobals) = postSolution
		SolutionGuid = {D44A98A4-DBB6-4881-A1FE-160332E718A1}
	EndGlobalSection
EndGlobal
